schema: '2.0'
stages:
  ingestion:
    cmd: "python src/ingestion.py  \"https://data.geo.admin.ch/ch.meteoschweiz.ogd-smn/puy/ogd-smn_puy_h_now.csv\"\
      \  \"https://data.geo.admin.ch/ch.meteoschweiz.ogd-smn/puy/ogd-smn_puy_h_recent.csv\"\
      \  \"data/intermediate\"\n"
    deps:
    - path: src/ingestion.py
      hash: md5
      md5: 1865ceb031681dfcad456aeee241a934
      size: 1429
    outs:
    - path: data/intermediate
      hash: md5
      md5: 42c8acc55563ce4a0ca3a4d8ba279884.dir
      size: 26077
      nfiles: 1
  prepare:
    cmd: "python src/prepare.py data/raw/ogd-smn_puy_h_recent.csv data/intermediate
      data/raw/ogd-smn_meta_parameters.csv data/prepared\n"
    deps:
    - path: data/raw
      hash: md5
      md5: b066e02e895db46bd4e536d1c4e92d08.dir
      size: 892176
      nfiles: 2
    - path: params.yaml
      hash: md5
      md5: 18cee33e83179c8b02d0556a3dc7f7bb
      size: 349
    - path: src/prepare.py
      hash: md5
      md5: e72171fd8d3dbd2be5f493744c7e1763
      size: 1652
    params:
      params.yaml:
        prepare.separator_train_val: 0.8
    outs:
    - path: data/prepared
      hash: md5
      md5: ba862378bcf83778bff76914839e1955.dir
      size: 249445
      nfiles: 4
  train:
    cmd: "python src/train.py data/prepared/train_historical.parquet data/prepared/val_historical.parquet
      data/prepared/train_finetuning.parquet data/prepared/val_finetuning.parquet\n"
    deps:
    - path: data/prepared/train_finetuning.parquet
      hash: md5
      md5: 8a415d60e4c3072223f676976cf49df1
      size: 19646
    - path: data/prepared/train_historical.parquet
      hash: md5
      md5: 7cd68e129d79f8a5b091515ac0210107
      size: 155783
    - path: data/prepared/val_finetuning.parquet
      hash: md5
      md5: 24550d94cb103d40de70385984066866
      size: 15256
    - path: data/prepared/val_historical.parquet
      hash: md5
      md5: a61412bc53fa06bac384eb4fc727edce
      size: 58760
    - path: model/baseline.bentomodel
      hash: md5
      md5: d744d0534a8b5d1f8c1e142ed99713fb
      size: 2312
    - path: params.yaml
      hash: md5
      md5: 18cee33e83179c8b02d0556a3dc7f7bb
      size: 349
    - path: src/train.py
      hash: md5
      md5: f775ddd9000fdf791fb71ab337541ff8
      size: 6437
    - path: src/utils/seed.py
      hash: md5
      md5: 7c1a67ec620fa496c51510ab58db882d
      size: 209
    - path: src/utils/train_utils.py
      hash: md5
      md5: 4d0d7d21988ae7615f1d2d38ee4fec10
      size: 3803
    params:
      params.yaml:
        train.batch_size: 8
        train.learning_rate: 0.01
        train.loss: mse
        train.n_epochs: 5
        train.seed: 713705
    outs:
    - path: evaluation/plots/train_history.png
      hash: md5
      md5: cdd4b884c327e9227cfcca8eee7c3b6c
      size: 47667
    - path: model/model.bentomodel
      hash: md5
      md5: c070a69dd3020d5418db5ec847b0ff55
      size: 2324
  evaluate:
    cmd: "python src/evaluate.py model/model.bentomodel data/prepared/val_historical.parquet
      data/prepared/val_finetuning.parquet\n"
    deps:
    - path: data/prepared/val_finetuning.parquet
      hash: md5
      md5: 24550d94cb103d40de70385984066866
      size: 15256
    - path: data/prepared/val_historical.parquet
      hash: md5
      md5: a61412bc53fa06bac384eb4fc727edce
      size: 58760
    - path: model/model.bentomodel
      hash: md5
      md5: c070a69dd3020d5418db5ec847b0ff55
      size: 2324
    - path: src/evaluate.py
      hash: md5
      md5: af9f02b3d9108dd10765d1877d6da991
      size: 10537
    outs:
    - path: evaluation/metrics.json
      hash: md5
      md5: bdf43f9a774ad0f2781d7809daeec198
      size: 545
    - path: evaluation/plots/finetuned_model_finetuning_validation.png
      hash: md5
      md5: 5c11480066bca0f2fe4c803f36d6914d
      size: 54398
    - path: evaluation/plots/finetuned_model_historical_validation.png
      hash: md5
      md5: c9d3c8eae56fabe49206def32fccac81
      size: 122951
  train_baseline:
    cmd: "python src/train_baseline.py data/prepared/train_historical.parquet data/prepared/val_historical.parquet\n"
    deps:
    - path: data/prepared/train_historical.parquet
      hash: md5
      md5: 7cd68e129d79f8a5b091515ac0210107
      size: 155783
    - path: data/prepared/val_historical.parquet
      hash: md5
      md5: a61412bc53fa06bac384eb4fc727edce
      size: 58760
    - path: params.yaml
      hash: md5
      md5: 18cee33e83179c8b02d0556a3dc7f7bb
      size: 349
    - path: src/train_baseline.py
      hash: md5
      md5: 36065da53a347ccccfaf395aca39e181
      size: 5721
    - path: src/utils/seed.py
      hash: md5
      md5: 7c1a67ec620fa496c51510ab58db882d
      size: 209
    - path: src/utils/train_utils.py
      hash: md5
      md5: 4d0d7d21988ae7615f1d2d38ee4fec10
      size: 3803
    params:
      params.yaml:
        train_baseline.activation: gelu
        train_baseline.batch_size: 8
        train_baseline.dropout: 0
        train_baseline.kernel_initializer: he_normal
        train_baseline.learning_rate: 0.01
        train_baseline.loss: mse
        train_baseline.n_epochs: 20
        train_baseline.n_neurons1: 4
        train_baseline.n_neurons2: 2
        train_baseline.seed: 713705
    outs:
    - path: evaluation/plots/baseline_train_history.png
      hash: md5
      md5: 6b6507ac3a894665533e1f54952d8cc3
      size: 54753
    - path: model/baseline.bentomodel
      hash: md5
      md5: d744d0534a8b5d1f8c1e142ed99713fb
      size: 2312
