schema: '2.0'
stages:
  ingestion:
    cmd: "python src/ingestion.py  \"https://data.geo.admin.ch/ch.meteoschweiz.ogd-smn/puy/ogd-smn_puy_h_now.csv\"\
      \  \"https://data.geo.admin.ch/ch.meteoschweiz.ogd-smn/puy/ogd-smn_puy_h_recent.csv\"\
      \  \"data/intermediate\"\n"
    deps:
    - path: src/ingestion.py
      hash: md5
      md5: 14927e0d7e7bdb65a2c8109efe565751
      size: 3541
    outs:
    - path: data/intermediate
      hash: md5
      md5: a0964fc0d7963f44e158a531d9ed2417.dir
      size: 26083
      nfiles: 1
  prepare:
    cmd: "python src/prepare.py data/raw/ogd-smn_puy_h_recent.csv data/intermediate
      data/raw/ogd-smn_meta_parameters.csv data/prepared\n"
    deps:
    - path: data/raw
      hash: md5
      md5: b066e02e895db46bd4e536d1c4e92d08.dir
      size: 892176
      nfiles: 2
    - path: params.yaml
      hash: md5
      md5: 18cee33e83179c8b02d0556a3dc7f7bb
      size: 349
    - path: src/prepare.py
      hash: md5
      md5: 4c49ca93ddb01066310bdb342c298b54
      size: 8477
    params:
      params.yaml:
        prepare:
          separator_train_val: 0.8
    outs:
    - path: data/prepared
      hash: md5
      md5: 506169bec51f4a182d1aa2e13d66f3d6.dir
      size: 209529
      nfiles: 4
  train:
    cmd: "python src/train.py data/prepared/train_historical.parquet data/prepared/val_historical.parquet
      data/prepared/train_finetuning.parquet data/prepared/val_finetuning.parquet\n"
    deps:
    - path: data/prepared/train_finetuning.parquet
      hash: md5
      md5: 2d1c03c9bc30eb3a4716ae8744c10add
      size: 16392
    - path: data/prepared/train_historical.parquet
      hash: md5
      md5: 684239a9d5699c306892882a5b7eb752
      size: 130780
    - path: data/prepared/val_finetuning.parquet
      hash: md5
      md5: 488c64cd40be04f64a2c29003e8b0c3e
      size: 12716
    - path: data/prepared/val_historical.parquet
      hash: md5
      md5: 0e1b82986a06be9eef3f6c741e09608b
      size: 49641
    - path: model/baseline.bentomodel
      hash: md5
      md5: f25c2c00c396e563692ad33da850cec8
      size: 2280
    - path: params.yaml
      hash: md5
      md5: 18cee33e83179c8b02d0556a3dc7f7bb
      size: 349
    - path: src/train.py
      hash: md5
      md5: f775ddd9000fdf791fb71ab337541ff8
      size: 6437
    - path: src/utils/seed.py
      hash: md5
      md5: 7c1a67ec620fa496c51510ab58db882d
      size: 209
    - path: src/utils/train_utils.py
      hash: md5
      md5: 4d0d7d21988ae7615f1d2d38ee4fec10
      size: 3803
    outs:
    - path: evaluation/plots/train_history.png
      hash: md5
      md5: 65319510f4e8cd65aa2306fe20f7b32b
      size: 43034
    - path: model/model.bentomodel
      hash: md5
      md5: d313e4ee9a779bf0c0a3e28c1dfa0fef
      size: 2280
  evaluate:
    cmd: "python src/evaluate.py model/model.bentomodel data/prepared/val_historical.parquet
      data/prepared/val_finetuning.parquet\n"
    deps:
    - path: data/prepared/val_finetuning.parquet
      hash: md5
      md5: 488c64cd40be04f64a2c29003e8b0c3e
      size: 12716
    - path: data/prepared/val_historical.parquet
      hash: md5
      md5: 0e1b82986a06be9eef3f6c741e09608b
      size: 49641
    - path: model/model.bentomodel
      hash: md5
      md5: d313e4ee9a779bf0c0a3e28c1dfa0fef
      size: 2280
    - path: src/evaluate.py
      hash: md5
      md5: af9f02b3d9108dd10765d1877d6da991
      size: 10537
    outs:
    - path: evaluation/metrics.json
      hash: md5
      md5: 8660a62a428fdaf5e446816ae370a52e
      size: 602
    - path: evaluation/plots/finetuned_model_finetuning_validation.png
      hash: md5
      md5: 591b02bbe8e552974b9621a7704d5669
      size: 48047
    - path: evaluation/plots/finetuned_model_historical_validation.png
      hash: md5
      md5: 1c608acfa361b2192ce16d606c5f6c47
      size: 117115
  train_baseline:
    cmd: "python src/train_baseline.py data/prepared/train_historical.parquet data/prepared/val_historical.parquet\n"
    deps:
    - path: data/prepared/train_historical.parquet
      hash: md5
      md5: 684239a9d5699c306892882a5b7eb752
      size: 130780
    - path: data/prepared/val_historical.parquet
      hash: md5
      md5: 0e1b82986a06be9eef3f6c741e09608b
      size: 49641
    - path: params.yaml
      hash: md5
      md5: 18cee33e83179c8b02d0556a3dc7f7bb
      size: 349
    - path: src/train_baseline.py
      hash: md5
      md5: 36065da53a347ccccfaf395aca39e181
      size: 5721
    - path: src/utils/seed.py
      hash: md5
      md5: 7c1a67ec620fa496c51510ab58db882d
      size: 209
    - path: src/utils/train_utils.py
      hash: md5
      md5: 4d0d7d21988ae7615f1d2d38ee4fec10
      size: 3803
    outs:
    - path: evaluation/plots/baseline_train_history.png
      hash: md5
      md5: 3ab7746bf3463f2c0755cf9df1ef5f44
      size: 48675
    - path: model/baseline.bentomodel
      hash: md5
      md5: f25c2c00c396e563692ad33da850cec8
      size: 2280
