schema: '2.0'
stages:
  ingestion:
    cmd: "python src/ingestion.py  \"https://data.geo.admin.ch/ch.meteoschweiz.ogd-smn/puy/ogd-smn_puy_h_now.csv\"\
      \  \"https://data.geo.admin.ch/ch.meteoschweiz.ogd-smn/puy/ogd-smn_puy_h_recent.csv\"\
      \  \"data/intermediate\"\n"
    deps:
    - path: src/ingestion.py
      hash: md5
      md5: 1865ceb031681dfcad456aeee241a934
      size: 1429
    outs:
    - path: data/intermediate
      hash: md5
      md5: 57708a3ba73e1069db2913c6b5a067fd.dir
      size: 25923
      nfiles: 1
  prepare:
    cmd: "python src/prepare.py data/raw/ogd-smn_puy_h_recent.csv data/intermediate
      data/raw/ogd-smn_meta_parameters.csv data/prepared\n"
    deps:
    - path: data/raw
      hash: md5
      md5: b066e02e895db46bd4e536d1c4e92d08.dir
      size: 892176
      nfiles: 2
    - path: params.yaml
      hash: md5
      md5: 87da1f89abe5c46ea473b7c0040b0996
      size: 327
    - path: src/prepare.py
      hash: md5
      md5: e72171fd8d3dbd2be5f493744c7e1763
      size: 1652
    params:
      params.yaml:
        prepare.separator_train_val: 0.8
    outs:
    - path: data/prepared
      hash: md5
      md5: 7d1b1c7b37500ef234211b9317817daf.dir
      size: 248710
      nfiles: 4
  train:
    cmd: "python src/train.py data/prepared/train_historical.parquet data/prepared/val_historical.parquet
      data/prepared/train_finetuning.parquet data/prepared/val_finetuning.parquet\n"
    deps:
    - path: data/prepared/train_finetuning.parquet
      hash: md5
      md5: 83dbd63892168ca03cbc9f49fa68abf6
      size: 19849
    - path: data/prepared/train_historical.parquet
      hash: md5
      md5: 42a76e437054599f873a57243d0ccd95
      size: 154803
    - path: data/prepared/val_finetuning.parquet
      hash: md5
      md5: 0373eb48900c30f68681b59d3104ca18
      size: 15298
    - path: data/prepared/val_historical.parquet
      hash: md5
      md5: b93f5f9ba0decd25ba5ac3073207b8a8
      size: 58760
    - path: model/baseline.bentomodel
      hash: md5
      md5: 3ea9e0c101dbbf5269c64bc2ab7312d1
      size: 7260
    - path: params.yaml
      hash: md5
      md5: 87da1f89abe5c46ea473b7c0040b0996
      size: 327
    - path: src/train.py
      hash: md5
      md5: 060c421388fddae322ab706f8173ca4c
      size: 2751
    - path: src/utils/seed.py
      hash: md5
      md5: 75b1f88de7bb9fe37a970efc4a462d8d
      size: 168
    - path: src/utils/train_utils.py
      hash: md5
      md5: 0c002ae771c5e0107191cd39861ce290
      size: 1758
    params:
      params.yaml:
        train.batch_size: 32
        train.learning_rate: 0.005
        train.loss: mse
        train.n_epochs: 1
        train.seed: 713705
    outs:
    - path: evaluation/plots/train_history.png
      hash: md5
      md5: bbefaeb01962a57259e0a136e2aa8eb6
      size: 29931
    - path: model/model.bentomodel
      hash: md5
      md5: 229618a05257a977bce180fef399feb4
      size: 7224
  evaluate:
    cmd: "python src/evaluate.py model/model.bentomodel data/prepared/val_historical.parquet
      data/prepared/val_finetuning.parquet\n"
    deps:
    - path: data/prepared/val_finetuning.parquet
      hash: md5
      md5: 0373eb48900c30f68681b59d3104ca18
      size: 15298
    - path: data/prepared/val_historical.parquet
      hash: md5
      md5: b93f5f9ba0decd25ba5ac3073207b8a8
      size: 58760
    - path: model/model.bentomodel
      hash: md5
      md5: 229618a05257a977bce180fef399feb4
      size: 7224
    - path: src/evaluate.py
      hash: md5
      md5: 6b28adefb475de8ed887bcad8c9aa0de
      size: 9519
    outs:
    - path: evaluation/metrics.json
      hash: md5
      md5: 4ee701c83178fd13e51057697b6d8e27
      size: 548
    - path: evaluation/plots/finetuned_model_finetuning_validation.png
      hash: md5
      md5: b646f6c62257b055fd24e4ad362e275e
      size: 58328
    - path: evaluation/plots/finetuned_model_historical_validation.png
      hash: md5
      md5: 260b0f762d63d09eaa7915430f1bb857
      size: 121435
  train_baseline:
    cmd: "python src/train_baseline.py data/prepared/train_historical.parquet data/prepared/val_historical.parquet\n"
    deps:
    - path: data/prepared/train_historical.parquet
      hash: md5
      md5: 42a76e437054599f873a57243d0ccd95
      size: 154803
    - path: data/prepared/val_historical.parquet
      hash: md5
      md5: b93f5f9ba0decd25ba5ac3073207b8a8
      size: 58760
    - path: params.yaml
      hash: md5
      md5: 87da1f89abe5c46ea473b7c0040b0996
      size: 327
    - path: src/train_baseline.py
      hash: md5
      md5: 5de8fac857612048ed06e2d9ee0e9fb1
      size: 3520
    - path: src/utils/seed.py
      hash: md5
      md5: 75b1f88de7bb9fe37a970efc4a462d8d
      size: 168
    - path: src/utils/train_utils.py
      hash: md5
      md5: 0c002ae771c5e0107191cd39861ce290
      size: 1758
    params:
      params.yaml:
        train_baseline.activation: gelu
        train_baseline.batch_size: 32
        train_baseline.dropout: 0.2
        train_baseline.kernel_initializer: he_normal
        train_baseline.learning_rate: 0.005
        train_baseline.loss: mse
        train_baseline.n_epochs: 20
        train_baseline.n_neurons1: 16
        train_baseline.n_neurons2: 8
        train_baseline.seed: 713705
    outs:
    - path: evaluation/plots/baseline_train_history.png
      hash: md5
      md5: 914fcb0dc2c253bb8714e2f03c0eabbd
      size: 47799
    - path: model/baseline.bentomodel
      hash: md5
      md5: 3ea9e0c101dbbf5269c64bc2ab7312d1
      size: 7260
